
Microsoft Visual Studio Solution File, Format Version 12.00
# Visual Studio Version 16
VisualStudioVersion = 16.0.30804.86
MinimumVisualStudioVersion = 10.0.40219.1
Project("{FAE04EC0-301F-11D3-BF4B-00C04F79EFBC}") = "CommandPattern", "CommandPattern\CommandPattern.csproj", "{3FD1022D-734F-418D-B60E-AECA2A4E969C}"
EndProject
Project("{FAE04EC0-301F-11D3-BF4B-00C04F79EFBC}") = "ValidationAttributes", "ValidationAttributes\ValidationAttributes.csproj", "{7B805EA3-E27F-4E31-806E-9965B3E93A26}"
EndProject
Global
	GlobalSection(SolutionConfigurationPlatforms) = preSolution
		Debug|Any CPU = Debug|Any CPU
		Release|Any CPU = Release|Any CPU
	EndGlobalSection
	GlobalSection(ProjectConfigurationPlatforms) = postSolution
		{3FD1022D-734F-418D-B60E-AECA2A4E969C}.Debug|Any CPU.ActiveCfg = Debug|Any CPU
		{3FD1022D-734F-418D-B60E-AECA2A4E969C}.Debug|Any CPU.Build.0 = Debug|Any CPU
		{3FD1022D-734F-418D-B60E-AECA2A4E969C}.Release|Any CPU.ActiveCfg = Release|Any CPU
		{3FD1022D-734F-418D-B60E-AECA2A4E969C}.Release|Any CPU.Build.0 = Release|Any CPU
		{7B805EA3-E27F-4E31-806E-9965B3E93A26}.Debug|Any CPU.ActiveCfg = Debug|Any CPU
		{7B805EA3-E27F-4E31-806E-9965B3E93A26}.Debug|Any CPU.Build.0 = Debug|Any CPU
		{7B805EA3-E27F-4E31-806E-9965B3E93A26}.Release|Any CPU.ActiveCfg = Release|Any CPU
		{7B805EA3-E27F-4E31-806E-9965B3E93A26}.Release|Any CPU.Build.0 = Release|Any CPU
	EndGlobalSection
	GlobalSection(SolutionProperties) = preSolution
		HideSolutionNode = FALSE
	EndGlobalSection
	GlobalSection(ExtensibilityGlobals) = postSolution
		SolutionGuid = {A3B72C4F-8C57-4DE2-806F-6CBBD62DE3F1}
	EndGlobalSection
EndGlobal
